<?xml version="1.0" encoding="utf-8"?>
<Project ToolsVersion="4.0" xmlns="http://schemas.microsoft.com/developer/msbuild/2003">
  <ItemGroup>
    <Filter Include="Source Files">
      <UniqueIdentifier>{4FC737F1-C7A5-4376-A066-2A32D752A2FF}</UniqueIdentifier>
      <Extensions>cpp;c;cc;cxx;def;odl;idl;hpj;bat;asm;asmx</Extensions>
    </Filter>
    <Filter Include="Header Files">
      <UniqueIdentifier>{93995380-89BD-4b04-88EB-625FBE52EBFB}</UniqueIdentifier>
      <Extensions>h;hpp;hxx;hm;inl;inc;xsd</Extensions>
    </Filter>
    <Filter Include="Resource Files">
      <UniqueIdentifier>{67DA6AB6-F800-4c08-8B7A-83BB121AAD01}</UniqueIdentifier>
      <Extensions>rc;ico;cur;bmp;dlg;rc2;rct;bin;rgs;gif;jpg;jpeg;jpe;resx;tiff;tif;png;wav;mfcribbon-ms</Extensions>
    </Filter>
  </ItemGroup>
  <ItemGroup>
    <ClInclude Include="Player.h">
      <Filter>Header Files</Filter>
    </ClInclude>
    <ClInclude Include="Common.h">
      <Filter>Header Files</Filter>
    </ClInclude>
    <ClInclude Include="Range.h">
      <Filter>Header Files</Filter>
    </ClInclude>
    <ClInclude Include="Card.h">
      <Filter>Header Files</Filter>
    </ClInclude>
    <ClInclude Include="HandStrengthCounter.h">
      <Filter>Header Files</Filter>
    </ClInclude>
    <ClInclude Include="HoleCards.h">
      <Filter>Header Files</Filter>
    </ClInclude>
    <ClInclude Include="HandStrength.h">
      <Filter>Header Files</Filter>
    </ClInclude>
    <ClInclude Include="Pot.h">
      <Filter>Header Files</Filter>
    </ClInclude>
    <ClInclude Include="ParkMillerCarta.h">
      <Filter>Header Files</Filter>
    </ClInclude>
    <ClInclude Include="PreFlopEquity.h">
      <Filter>Header Files</Filter>
    </ClInclude>
    <ClInclude Include="AllCounters.h">
      <Filter>Header Files</Filter>
    </ClInclude>
    <ClInclude Include="AllHandStrengths.h">
      <Filter>Header Files</Filter>
    </ClInclude>
    <ClInclude Include="PostFlopParams.h">
      <Filter>Header Files</Filter>
    </ClInclude>
    <ClInclude Include="PreFlopParams.h">
      <Filter>Header Files</Filter>
    </ClInclude>
    <ClInclude Include="PlayerModel.h">
      <Filter>Header Files</Filter>
    </ClInclude>
    <ClInclude Include="GameState.h">
      <Filter>Header Files</Filter>
    </ClInclude>
    <ClInclude Include="SortedHoleCards.h">
      <Filter>Header Files</Filter>
    </ClInclude>
    <ClInclude Include="GameContext.h">
      <Filter>Header Files</Filter>
    </ClInclude>
    <ClInclude Include="Board.h">
      <Filter>Header Files</Filter>
    </ClInclude>
  </ItemGroup>
  <ItemGroup>
    <ClCompile Include="DecisionMaking.cpp">
      <Filter>Source Files</Filter>
    </ClCompile>
    <ClCompile Include="dllmain.cpp">
      <Filter>Source Files</Filter>
    </ClCompile>
    <ClCompile Include="Range.cpp">
      <Filter>Source Files</Filter>
    </ClCompile>
    <ClCompile Include="Card.cpp">
      <Filter>Source Files</Filter>
    </ClCompile>
    <ClCompile Include="HandStrengthCounter.cpp">
      <Filter>Source Files</Filter>
    </ClCompile>
    <ClCompile Include="HandStrength.cpp">
      <Filter>Source Files</Filter>
    </ClCompile>
    <ClCompile Include="Common.cpp">
      <Filter>Source Files</Filter>
    </ClCompile>
    <ClCompile Include="ForExport.cpp">
      <Filter>Source Files</Filter>
    </ClCompile>
    <ClCompile Include="Pot.cpp">
      <Filter>Source Files</Filter>
    </ClCompile>
    <ClCompile Include="PreFlopEquity.cpp">
      <Filter>Source Files</Filter>
    </ClCompile>
    <ClCompile Include="AllCounters.cpp">
      <Filter>Source Files</Filter>
    </ClCompile>
    <ClCompile Include="AllHandStrengths.cpp">
      <Filter>Source Files</Filter>
    </ClCompile>
    <ClCompile Include="PostFlopParams.cpp">
      <Filter>Source Files</Filter>
    </ClCompile>
    <ClCompile Include="PreFlopParams.cpp">
      <Filter>Source Files</Filter>
    </ClCompile>
    <ClCompile Include="PlayerModel.cpp">
      <Filter>Source Files</Filter>
    </ClCompile>
    <ClCompile Include="GameState.cpp">
      <Filter>Source Files</Filter>
    </ClCompile>
    <ClCompile Include="GameContext.cpp">
      <Filter>Source Files</Filter>
    </ClCompile>
  </ItemGroup>
</Project>